
Microsoft Visual Studio Solution File, Format Version 12.00
# Visual Studio Version 16
VisualStudioVersion = 16.0.31105.61
MinimumVisualStudioVersion = 10.0.40219.1
Project("{9A19103F-16F7-4668-BE54-9A1E7A4F7556}") = "SAS Schleifen", "Schleifen\SAS Schleifen.csproj", "{8A9C012A-F0D4-4225-BBAF-43E40EBB901F}"
EndProject
Project("{9A19103F-16F7-4668-BE54-9A1E7A4F7556}") = "K2 Übung", "K2 Übung\K2 Übung.csproj", "{528EC964-D284-4D9A-8B6C-4955926E8555}"
EndProject
Project("{9A19103F-16F7-4668-BE54-9A1E7A4F7556}") = "Arrays", "Arrays\Arrays.csproj", "{56CA2A12-2CA8-4B51-A012-BAAEA1729BED}"
EndProject
Project("{FAE04EC0-301F-11D3-BF4B-00C04F79EFBC}") = "Multidimensionale_Arrays", "Multidimensionale_Arrays\Multidimensionale_Arrays.csproj", "{C91E2CA9-41E3-47D4-A23C-230196EB5923}"
EndProject
Global
	GlobalSection(SolutionConfigurationPlatforms) = preSolution
		Debug|Any CPU = Debug|Any CPU
		Release|Any CPU = Release|Any CPU
	EndGlobalSection
	GlobalSection(ProjectConfigurationPlatforms) = postSolution
		{8A9C012A-F0D4-4225-BBAF-43E40EBB901F}.Debug|Any CPU.ActiveCfg = Debug|Any CPU
		{8A9C012A-F0D4-4225-BBAF-43E40EBB901F}.Debug|Any CPU.Build.0 = Debug|Any CPU
		{8A9C012A-F0D4-4225-BBAF-43E40EBB901F}.Release|Any CPU.ActiveCfg = Release|Any CPU
		{8A9C012A-F0D4-4225-BBAF-43E40EBB901F}.Release|Any CPU.Build.0 = Release|Any CPU
		{528EC964-D284-4D9A-8B6C-4955926E8555}.Debug|Any CPU.ActiveCfg = Debug|Any CPU
		{528EC964-D284-4D9A-8B6C-4955926E8555}.Debug|Any CPU.Build.0 = Debug|Any CPU
		{528EC964-D284-4D9A-8B6C-4955926E8555}.Release|Any CPU.ActiveCfg = Release|Any CPU
		{528EC964-D284-4D9A-8B6C-4955926E8555}.Release|Any CPU.Build.0 = Release|Any CPU
		{56CA2A12-2CA8-4B51-A012-BAAEA1729BED}.Debug|Any CPU.ActiveCfg = Debug|Any CPU
		{56CA2A12-2CA8-4B51-A012-BAAEA1729BED}.Debug|Any CPU.Build.0 = Debug|Any CPU
		{56CA2A12-2CA8-4B51-A012-BAAEA1729BED}.Release|Any CPU.ActiveCfg = Release|Any CPU
		{56CA2A12-2CA8-4B51-A012-BAAEA1729BED}.Release|Any CPU.Build.0 = Release|Any CPU
		{C91E2CA9-41E3-47D4-A23C-230196EB5923}.Debug|Any CPU.ActiveCfg = Debug|Any CPU
		{C91E2CA9-41E3-47D4-A23C-230196EB5923}.Debug|Any CPU.Build.0 = Debug|Any CPU
		{C91E2CA9-41E3-47D4-A23C-230196EB5923}.Release|Any CPU.ActiveCfg = Release|Any CPU
		{C91E2CA9-41E3-47D4-A23C-230196EB5923}.Release|Any CPU.Build.0 = Release|Any CPU
	EndGlobalSection
	GlobalSection(SolutionProperties) = preSolution
		HideSolutionNode = FALSE
	EndGlobalSection
	GlobalSection(ExtensibilityGlobals) = postSolution
		SolutionGuid = {AFF6CCA2-EBCA-442B-8A55-E14E2AE3F930}
	EndGlobalSection
EndGlobal
